{
  "object": {
    "pins": [
      {
        "package": "SDWebImage",
        "repositoryURL": "https://github.com/SDWebImage/SDWebImage.git",
        "state": {
          "branch": null,
          "revision": "2c53f531f1bedd253f55d85105409c28ed4a922c",
          "version": "5.12.3"
        }
      },
      {
        "package": "SDWebImageSwiftUI",
        "repositoryURL": "https://github.com/SDWebImage/SDWebImageSwiftUI.git",
        "state": {
          "branch": null,
          "revision": "cd8625b7cf11a97698e180d28bb7d5d357196678",
          "version": "2.0.2"
        }
      },
      {
        "package": "SPSafeSymbols",
        "repositoryURL": "https://github.com/sparrowcode/SPSafeSymbols.git",
        "state": {
          "branch": null,
          "revision": "9af06f7d21b2b2ad83ce2216506c0ff4ff0c3809",
          "version": "1.0.5"
        }
      }
    ]
  },
  "version": 1
}
